{
  "version": 4,
  "terraform_version": "1.1.7",
  "serial": 11,
  "lineage": "239dc02f-7729-ee49-4ca7-9b429574898b",
  "outputs": {},
  "resources": [
    {
      "mode": "managed",
      "type": "azurerm_resource_group",
      "name": "rg",
      "provider": "provider[\"registry.terraform.io/hashicorp/azurerm\"]",
      "instances": [
        {
          "schema_version": 0,
          "attributes": {
            "id": "/subscriptions/a4ff5bca-9536-45dc-b88e-e2cadf3fb260/resourceGroups/resource-group-azure-portfolio-prod-eastus2",
            "location": "eastus2",
            "name": "resource-group-azure-portfolio-prod-eastus2",
            "tags": null,
            "timeouts": null
          },
          "sensitive_attributes": [],
          "private": "eyJlMmJmYjczMC1lY2FhLTExZTYtOGY4OC0zNDM2M2JjN2M0YzAiOnsiY3JlYXRlIjo1NDAwMDAwMDAwMDAwLCJkZWxldGUiOjU0MDAwMDAwMDAwMDAsInJlYWQiOjMwMDAwMDAwMDAwMCwidXBkYXRlIjo1NDAwMDAwMDAwMDAwfX0="
        }
      ]
    },
    {
      "mode": "managed",
      "type": "azurerm_static_site",
      "name": "web",
      "provider": "provider[\"registry.terraform.io/hashicorp/azurerm\"]",
      "instances": [
        {
          "schema_version": 0,
          "attributes": {
            "api_key": "76f64385c04f517cf778c6d604e5c99f385f6a645993d9f0f02ea35e84a32c001-af760256-c9f3-40f1-b76f-8383d34f342500f28068",
            "default_host_name": "lively-sky-0e126ef0f.1.azurestaticapps.net",
            "id": "/subscriptions/a4ff5bca-9536-45dc-b88e-e2cadf3fb260/resourceGroups/resource-group-azure-portfolio-prod-eastus2/providers/Microsoft.Web/staticSites/web-azure-portfolio-prod-eastus2",
            "identity": [],
            "location": "eastus2",
            "name": "web-azure-portfolio-prod-eastus2",
            "resource_group_name": "resource-group-azure-portfolio-prod-eastus2",
            "sku_size": "Free",
            "sku_tier": "Free",
            "tags": null,
            "timeouts": null
          },
          "sensitive_attributes": [],
          "private": "eyJlMmJmYjczMC1lY2FhLTExZTYtOGY4OC0zNDM2M2JjN2M0YzAiOnsiY3JlYXRlIjoxODAwMDAwMDAwMDAwLCJkZWxldGUiOjE4MDAwMDAwMDAwMDAsInJlYWQiOjMwMDAwMDAwMDAwMCwidXBkYXRlIjoxODAwMDAwMDAwMDAwfX0=",
          "dependencies": [
            "azurerm_resource_group.rg"
          ]
        }
      ]
    }
  ]
}
